
Microsoft Visual Studio Solution File, Format Version 12.00
# Visual Studio Version 16
VisualStudioVersion = 16.0.31729.503
MinimumVisualStudioVersion = 10.0.40219.1
Project("{FAE04EC0-301F-11D3-BF4B-00C04F79EFBC}") = "LineComparison", "LineComparison\LineComparison.csproj", "{E52DD397-BCEB-4A1F-ADF9-44AACAFDE6FC}"
EndProject
Global
	GlobalSection(SolutionConfigurationPlatforms) = preSolution
		Debug|Any CPU = Debug|Any CPU
		Release|Any CPU = Release|Any CPU
	EndGlobalSection
	GlobalSection(ProjectConfigurationPlatforms) = postSolution
		{E52DD397-BCEB-4A1F-ADF9-44AACAFDE6FC}.Debug|Any CPU.ActiveCfg = Debug|Any CPU
		{E52DD397-BCEB-4A1F-ADF9-44AACAFDE6FC}.Debug|Any CPU.Build.0 = Debug|Any CPU
		{E52DD397-BCEB-4A1F-ADF9-44AACAFDE6FC}.Release|Any CPU.ActiveCfg = Release|Any CPU
		{E52DD397-BCEB-4A1F-ADF9-44AACAFDE6FC}.Release|Any CPU.Build.0 = Release|Any CPU
	EndGlobalSection
	GlobalSection(SolutionProperties) = preSolution
		HideSolutionNode = FALSE
	EndGlobalSection
	GlobalSection(ExtensibilityGlobals) = postSolution
		SolutionGuid = {744EF257-6692-4665-9288-6E329CC3F856}
	EndGlobalSection
EndGlobal
